{
  "name": "middleware",
  "version": "1.0.0",
  "lockfileVersion": 3,
  "requires": true,
  "packages": {
    "": {
      "name": "middleware",
      "version": "1.0.0",
      "license": "ISC",
      "dependencies": {
        "amqplib": "^2.2.0"
      }
    },
    "node_modules/amqplib": {
      "version": "2.2.0",
      "resolved": "https://registry.npmjs.org/amqplib/-/amqplib-2.2.0.tgz",
      "integrity": "sha512-VifzN9aHs/Q3zTruVHXh2yCisQyXexBN91CQ2E5iSyUKyNjH6ilYhJGte5AXZH/Bj1PaH7SwPhyuSf6Msd2udw==",
      "license": "MIT",
      "engines": {
        "node": ">=18"
      }
    }
  }
}
